{
  "name": "stremio-official-addons",
  "version": "2.0.0",
  "lockfileVersion": 1,
  "requires": true,
  "dependencies": {
    "@stremio/stremio-core-validator": {
      "version": "0.5.0",
      "resolved": "https://registry.npmjs.org/@stremio/stremio-core-validator/-/stremio-core-validator-0.5.0.tgz",
      "integrity": "sha512-d/stVIp2Cauahtvq+WUX0Wv6UqaidgCjXihiOZ4DmzYodAp/jCo3wZd02jy0sDHYn8Z9HRt6ozSjBYEhO8o7xA==",
      "dev": true
    },
    "node-fetch": {
      "version": "2.6.1",
      "resolved": "https://registry.npmjs.org/node-fetch/-/node-fetch-2.6.1.tgz",
      "integrity": "sha512-V4aYg89jEoVRxRb2fJdAg8FHvI7cEyYdVAh94HH0UIK8oJxUfkjlDQN9RbMx+bEjP7+ggMiFRprSti032Oipxw==",
      "dev": true
    }
  }
}
