{
  "name": "stremio-official-addons",
  "version": "1.5.0",
  "lockfileVersion": 1,
  "requires": true,
  "dependencies": {
    "@stremio/stremio-core-validator": {
      "version": "0.4.0",
      "resolved": "https://registry.npmjs.org/@stremio/stremio-core-validator/-/stremio-core-validator-0.4.0.tgz",
      "integrity": "sha512-KUV8HePioa/VO7CqlRtDT3CPaEfz/J4JaaSvPHKgRnJKS0jExhwnDJcJlejboGI19r+egbp1jXnWCCL4SplyUw==",
      "dev": true
    },
    "node-fetch": {
      "version": "2.6.1",
      "resolved": "https://registry.npmjs.org/node-fetch/-/node-fetch-2.6.1.tgz",
      "integrity": "sha512-V4aYg89jEoVRxRb2fJdAg8FHvI7cEyYdVAh94HH0UIK8oJxUfkjlDQN9RbMx+bEjP7+ggMiFRprSti032Oipxw==",
      "dev": true
    }
  }
}
