{
    "name": "@stremio/stremio-official-addons",
    "version": "2.0.8",
    "lockfileVersion": 1,
    "requires": true,
    "dependencies": {
        "@stremio/stremio-core-validator": {
            "version": "2.0.0",
            "resolved": "https://registry.npmjs.org/@stremio/stremio-core-validator/-/stremio-core-validator-2.0.0.tgz",
            "integrity": "sha512-SddlBayomaxOhGD8l2QDAw+22zEfGdk0yQOcvv9GHMBw0wEugTxc5e1FBBucOeMaU3t6uTgxmcM1Do+ZgfruCA==",
            "dev": true
        },
        "accepts": {
            "version": "1.3.7",
            "resolved": "https://registry.npmjs.org/accepts/-/accepts-1.3.7.tgz",
            "integrity": "sha512-Il80Qs2WjYlJIBNzNkK6KYqlVMTbZLXgHx2oT0pU/fjRHyEp+PEfEPY0R3WCwAGVOtauxh1hOxNgIf5bv7dQpA==",
            "dev": true,
            "requires": {
                "mime-types": "~2.1.24",
                "negotiator": "0.6.2"
            }
        },
        "array-flatten": {
            "version": "1.1.1",
            "resolved": "https://registry.npmjs.org/array-flatten/-/array-flatten-1.1.1.tgz",
            "integrity": "sha1-ml9pkFGx5wczKPKgCJaLZOopVdI=",
            "dev": true
        },
        "bencode": {
            "version": "2.0.2",
            "resolved": "https://registry.npmjs.org/bencode/-/bencode-2.0.2.tgz",
            "integrity": "sha512-0ilVjnE2diLdbec/3KN14SP0KE85wh8v/FceNRMbAB2ioc3yTj9tgqdoK9tFEH++TZ10JreTS29qTwg7+SpTiQ==",
            "dev": true
        },
        "bep53-range": {
            "version": "1.1.1",
            "resolved": "https://registry.npmjs.org/bep53-range/-/bep53-range-1.1.1.tgz",
            "integrity": "sha512-ct6s33iiwRCUPp9KXnJ4QMWDgHIgaw36caK/5XEQ9L8dCzSQlJt1Vk6VmHh1VD4AlGCAI4C2zmtfItifBBPrhQ==",
            "dev": true
        },
        "blob-to-buffer": {
            "version": "1.2.9",
            "resolved": "https://registry.npmjs.org/blob-to-buffer/-/blob-to-buffer-1.2.9.tgz",
            "integrity": "sha512-BF033y5fN6OCofD3vgHmNtwZWRcq9NLyyxyILx9hfMy1sXYy4ojFl765hJ2lP0YaN2fuxPaLO2Vzzoxy0FLFFA==",
            "dev": true
        },
        "body-parser": {
            "version": "1.19.0",
            "resolved": "https://registry.npmjs.org/body-parser/-/body-parser-1.19.0.tgz",
            "integrity": "sha512-dhEPs72UPbDnAQJ9ZKMNTP6ptJaionhP5cBb541nXPlW60Jepo9RV/a4fX4XWW9CuFNK22krhrj1+rgzifNCsw==",
            "dev": true,
            "requires": {
                "bytes": "3.1.0",
                "content-type": "~1.0.4",
                "debug": "2.6.9",
                "depd": "~1.1.2",
                "http-errors": "1.7.2",
                "iconv-lite": "0.4.24",
                "on-finished": "~2.3.0",
                "qs": "6.7.0",
                "raw-body": "2.4.0",
                "type-is": "~1.6.17"
            }
        },
        "byline": {
            "version": "5.0.0",
            "resolved": "https://registry.npmjs.org/byline/-/byline-5.0.0.tgz",
            "integrity": "sha1-dBxSFkaOrcRXsDQQEYrXfejB3bE=",
            "dev": true
        },
        "bytes": {
            "version": "3.1.0",
            "resolved": "https://registry.npmjs.org/bytes/-/bytes-3.1.0.tgz",
            "integrity": "sha512-zauLjrfCG+xvoyaqLoV8bLVXXNGC4JqlxFCutSDWA6fJrTo2ZuvLYTqZ7aHBLZSMOopbzwv8f+wZcVzfVTI2Dg==",
            "dev": true
        },
        "content-disposition": {
            "version": "0.5.3",
            "resolved": "https://registry.npmjs.org/content-disposition/-/content-disposition-0.5.3.tgz",
            "integrity": "sha512-ExO0774ikEObIAEV9kDo50o+79VCUdEB6n6lzKgGwupcVeRlhrj3qGAfwq8G6uBJjkqLrhT0qEYFcWng8z1z0g==",
            "dev": true,
            "requires": {
                "safe-buffer": "5.1.2"
            }
        },
        "content-type": {
            "version": "1.0.4",
            "resolved": "https://registry.npmjs.org/content-type/-/content-type-1.0.4.tgz",
            "integrity": "sha512-hIP3EEPs8tB9AT1L+NUqtwOAps4mk2Zob89MWXMHjHWg9milF/j4osnnQLXBCBFBk/tvIG/tUc9mOUJiPBhPXA==",
            "dev": true
        },
        "cookie": {
            "version": "0.4.0",
            "resolved": "https://registry.npmjs.org/cookie/-/cookie-0.4.0.tgz",
            "integrity": "sha512-+Hp8fLp57wnUSt0tY0tHEXh4voZRDnoIrZPqlo3DPiI4y9lwg/jqx+1Om94/W6ZaPDOUbnjOt/99w66zk+l1Xg==",
            "dev": true
        },
        "cookie-signature": {
            "version": "1.0.6",
            "resolved": "https://registry.npmjs.org/cookie-signature/-/cookie-signature-1.0.6.tgz",
            "integrity": "sha1-4wOogrNCzD7oylE6eZmXNNqzriw=",
            "dev": true
        },
        "cors": {
            "version": "2.8.5",
            "resolved": "https://registry.npmjs.org/cors/-/cors-2.8.5.tgz",
            "integrity": "sha512-KIHbLJqu73RGr/hnbrO9uBeixNGuvSQjul/jdFvS/KFSIH1hWVd1ng7zOHx+YrEfInLG7q4n6GHQ9cDtxv/P6g==",
            "dev": true,
            "requires": {
                "object-assign": "^4",
                "vary": "^1"
            }
        },
        "debug": {
            "version": "2.6.9",
            "resolved": "https://registry.npmjs.org/debug/-/debug-2.6.9.tgz",
            "integrity": "sha512-bC7ElrdJaJnPbAP+1EotYvqZsb3ecl5wi6Bfi6BJTUcNowp6cvspg0jXznRTKDjm/E7AdgFBVeAPVMNcKGsHMA==",
            "dev": true,
            "requires": {
                "ms": "2.0.0"
            }
        },
        "decompress-response": {
            "version": "4.2.1",
            "resolved": "https://registry.npmjs.org/decompress-response/-/decompress-response-4.2.1.tgz",
            "integrity": "sha512-jOSne2qbyE+/r8G1VU+G/82LBs2Fs4LAsTiLSHOCOMZQl2OKZ6i8i4IyHemTe+/yIXOtTcRQMzPcgyhoFlqPkw==",
            "dev": true,
            "requires": {
                "mimic-response": "^2.0.0"
            }
        },
        "depd": {
            "version": "1.1.2",
            "resolved": "https://registry.npmjs.org/depd/-/depd-1.1.2.tgz",
            "integrity": "sha1-m81S4UwJd2PnSbJ0xDRu0uVgtak=",
            "dev": true
        },
        "destroy": {
            "version": "1.0.4",
            "resolved": "https://registry.npmjs.org/destroy/-/destroy-1.0.4.tgz",
            "integrity": "sha1-l4hXRCxEdJ5CBmE+N5RiBYJqvYA=",
            "dev": true
        },
        "ee-first": {
            "version": "1.1.1",
            "resolved": "https://registry.npmjs.org/ee-first/-/ee-first-1.1.1.tgz",
            "integrity": "sha1-WQxhFWsK4vTwJVcyoViyZrxWsh0=",
            "dev": true
        },
        "encodeurl": {
            "version": "1.0.2",
            "resolved": "https://registry.npmjs.org/encodeurl/-/encodeurl-1.0.2.tgz",
            "integrity": "sha1-rT/0yG7C0CkyL1oCw6mmBslbP1k=",
            "dev": true
        },
        "escape-html": {
            "version": "1.0.3",
            "resolved": "https://registry.npmjs.org/escape-html/-/escape-html-1.0.3.tgz",
            "integrity": "sha1-Aljq5NPQwJdN4cFpGI7wBR0dGYg=",
            "dev": true
        },
        "etag": {
            "version": "1.8.1",
            "resolved": "https://registry.npmjs.org/etag/-/etag-1.8.1.tgz",
            "integrity": "sha1-Qa4u62XvpiJorr/qg6x9eSmbCIc=",
            "dev": true
        },
        "express": {
            "version": "4.17.1",
            "resolved": "https://registry.npmjs.org/express/-/express-4.17.1.tgz",
            "integrity": "sha512-mHJ9O79RqluphRrcw2X/GTh3k9tVv8YcoyY4Kkh4WDMUYKRZUq0h1o0w2rrrxBqM7VoeUVqgb27xlEMXTnYt4g==",
            "dev": true,
            "requires": {
                "accepts": "~1.3.7",
                "array-flatten": "1.1.1",
                "body-parser": "1.19.0",
                "content-disposition": "0.5.3",
                "content-type": "~1.0.4",
                "cookie": "0.4.0",
                "cookie-signature": "1.0.6",
                "debug": "2.6.9",
                "depd": "~1.1.2",
                "encodeurl": "~1.0.2",
                "escape-html": "~1.0.3",
                "etag": "~1.8.1",
                "finalhandler": "~1.1.2",
                "fresh": "0.5.2",
                "merge-descriptors": "1.0.1",
                "methods": "~1.1.2",
                "on-finished": "~2.3.0",
                "parseurl": "~1.3.3",
                "path-to-regexp": "0.1.7",
                "proxy-addr": "~2.0.5",
                "qs": "6.7.0",
                "range-parser": "~1.2.1",
                "safe-buffer": "5.1.2",
                "send": "0.17.1",
                "serve-static": "1.14.1",
                "setprototypeof": "1.1.1",
                "statuses": "~1.5.0",
                "type-is": "~1.6.18",
                "utils-merge": "1.0.1",
                "vary": "~1.1.2"
            }
        },
        "finalhandler": {
            "version": "1.1.2",
            "resolved": "https://registry.npmjs.org/finalhandler/-/finalhandler-1.1.2.tgz",
            "integrity": "sha512-aAWcW57uxVNrQZqFXjITpW3sIUQmHGG3qSb9mUah9MgMC4NeWhNOlNjXEYq3HjRAvL6arUviZGGJsBg6z0zsWA==",
            "dev": true,
            "requires": {
                "debug": "2.6.9",
                "encodeurl": "~1.0.2",
                "escape-html": "~1.0.3",
                "on-finished": "~2.3.0",
                "parseurl": "~1.3.3",
                "statuses": "~1.5.0",
                "unpipe": "~1.0.0"
            }
        },
        "forwarded": {
            "version": "0.2.0",
            "resolved": "https://registry.npmjs.org/forwarded/-/forwarded-0.2.0.tgz",
            "integrity": "sha512-buRG0fpBtRHSTCOASe6hD258tEubFoRLb4ZNA6NxMVHNw2gOcwHo9wyablzMzOA5z9xA9L1KNjk/Nt6MT9aYow==",
            "dev": true
        },
        "fresh": {
            "version": "0.5.2",
            "resolved": "https://registry.npmjs.org/fresh/-/fresh-0.5.2.tgz",
            "integrity": "sha1-PYyt2Q2XZWn6g1qx+OSyOhBWBac=",
            "dev": true
        },
        "get-stdin": {
            "version": "6.0.0",
            "resolved": "https://registry.npmjs.org/get-stdin/-/get-stdin-6.0.0.tgz",
            "integrity": "sha512-jp4tHawyV7+fkkSKyvjuLZswblUtz+SQKzSWnBbii16BuZksJlU1wuBYXY75r+duh/llF1ur6oNwi+2ZzjKZ7g==",
            "dev": true
        },
        "http-errors": {
            "version": "1.7.2",
            "resolved": "https://registry.npmjs.org/http-errors/-/http-errors-1.7.2.tgz",
            "integrity": "sha512-uUQBt3H/cSIVfch6i1EuPNy/YsRSOUBXTVfZ+yR7Zjez3qjBz6i9+i4zjNaoqcoFVI4lQJ5plg63TvGfRSDCRg==",
            "dev": true,
            "requires": {
                "depd": "~1.1.2",
                "inherits": "2.0.3",
                "setprototypeof": "1.1.1",
                "statuses": ">= 1.5.0 < 2",
                "toidentifier": "1.0.0"
            }
        },
        "iconv-lite": {
            "version": "0.4.24",
            "resolved": "https://registry.npmjs.org/iconv-lite/-/iconv-lite-0.4.24.tgz",
            "integrity": "sha512-v3MXnZAcvnywkTUEZomIActle7RXXeedOR31wwl7VlyoXO4Qi9arvSenNQWne1TcRwhCL1HwLI21bEqdpj8/rA==",
            "dev": true,
            "requires": {
                "safer-buffer": ">= 2.1.2 < 3"
            }
        },
        "inherits": {
            "version": "2.0.3",
            "resolved": "https://registry.npmjs.org/inherits/-/inherits-2.0.3.tgz",
            "integrity": "sha1-Yzwsg+PaQqUC9SRmAiSA9CCCYd4=",
            "dev": true
        },
        "ipaddr.js": {
            "version": "1.9.1",
            "resolved": "https://registry.npmjs.org/ipaddr.js/-/ipaddr.js-1.9.1.tgz",
            "integrity": "sha512-0KI/607xoxSToH7GjN1FfSbLoU0+btTicjsQSWQlh/hZykN8KpmMf7uYwPW3R+akZ6R/w18ZlXSHBYXiYUPO3g==",
            "dev": true
        },
        "isexe": {
            "version": "2.0.0",
            "resolved": "https://registry.npmjs.org/isexe/-/isexe-2.0.0.tgz",
            "integrity": "sha1-6PvzdNxVb/iUehDcsFctYz8s+hA=",
            "dev": true
        },
        "magnet-uri": {
            "version": "5.4.0",
            "resolved": "https://registry.npmjs.org/magnet-uri/-/magnet-uri-5.4.0.tgz",
            "integrity": "sha512-ZpqciThlbvE6KkyT5oxAup/6CwjePw1hdtR8NU5+vq2hn9Sp5b7w3bRiJRvo9fMHUj2dWSuVCdkqt9p4ed1V9Q==",
            "dev": true,
            "requires": {
                "bep53-range": "^1.0.0",
                "thirty-two": "^1.0.2"
            }
        },
        "media-typer": {
            "version": "0.3.0",
            "resolved": "https://registry.npmjs.org/media-typer/-/media-typer-0.3.0.tgz",
            "integrity": "sha1-hxDXrwqmJvj/+hzgAWhUUmMlV0g=",
            "dev": true
        },
        "merge-descriptors": {
            "version": "1.0.1",
            "resolved": "https://registry.npmjs.org/merge-descriptors/-/merge-descriptors-1.0.1.tgz",
            "integrity": "sha1-sAqqVW3YtEVoFQ7J0blT8/kMu2E=",
            "dev": true
        },
        "methods": {
            "version": "1.1.2",
            "resolved": "https://registry.npmjs.org/methods/-/methods-1.1.2.tgz",
            "integrity": "sha1-VSmk1nZUE07cxSZmVoNbD4Ua/O4=",
            "dev": true
        },
        "mime": {
            "version": "1.6.0",
            "resolved": "https://registry.npmjs.org/mime/-/mime-1.6.0.tgz",
            "integrity": "sha512-x0Vn8spI+wuJ1O6S7gnbaQg8Pxh4NNHb7KSINmEWKiPE4RKOplvijn+NkmYmmRgP68mc70j2EbeTFRsrswaQeg==",
            "dev": true
        },
        "mime-db": {
            "version": "1.50.0",
            "resolved": "https://registry.npmjs.org/mime-db/-/mime-db-1.50.0.tgz",
            "integrity": "sha512-9tMZCDlYHqeERXEHO9f/hKfNXhre5dK2eE/krIvUjZbS2KPcqGDfNShIWS1uW9XOTKQKqK6qbeOci18rbfW77A==",
            "dev": true
        },
        "mime-types": {
            "version": "2.1.33",
            "resolved": "https://registry.npmjs.org/mime-types/-/mime-types-2.1.33.tgz",
            "integrity": "sha512-plLElXp7pRDd0bNZHw+nMd52vRYjLwQjygaNg7ddJ2uJtTlmnTCjWuPKxVu6//AdaRuME84SvLW91sIkBqGT0g==",
            "dev": true,
            "requires": {
                "mime-db": "1.50.0"
            }
        },
        "mimic-response": {
            "version": "2.1.0",
            "resolved": "https://registry.npmjs.org/mimic-response/-/mimic-response-2.1.0.tgz",
            "integrity": "sha512-wXqjST+SLt7R009ySCglWBCFpjUygmCIfD790/kVbiGmUgfYGuB14PiTd5DwVxSV4NcYHjzMkoj5LjQZwTQLEA==",
            "dev": true
        },
        "minimist": {
            "version": "1.2.5",
            "resolved": "https://registry.npmjs.org/minimist/-/minimist-1.2.5.tgz",
            "integrity": "sha512-FM9nNUYrRBAELZQT3xeZQ7fmMOBg6nWNmJKTcgsJeaLstP/UODVpGsr5OhXhhXg6f+qtJ8uiZ+PUxkDWcgIXLw==",
            "dev": true
        },
        "mkdirp": {
            "version": "0.5.5",
            "resolved": "https://registry.npmjs.org/mkdirp/-/mkdirp-0.5.5.tgz",
            "integrity": "sha512-NKmAlESf6jMGym1++R0Ra7wvhV+wFW63FaSOFPwRahvea0gMUcGUhVeAg/0BC0wiv9ih5NYPB1Wn1UEI1/L+xQ==",
            "dev": true,
            "requires": {
                "minimist": "^1.2.5"
            }
        },
        "ms": {
            "version": "2.0.0",
            "resolved": "https://registry.npmjs.org/ms/-/ms-2.0.0.tgz",
            "integrity": "sha1-VgiurfwAvmwpAd9fmGF4jeDVl8g=",
            "dev": true
        },
        "name-to-imdb": {
            "version": "2.3.2",
            "resolved": "https://registry.npmjs.org/name-to-imdb/-/name-to-imdb-2.3.2.tgz",
            "integrity": "sha512-N489IEqwALugqOyKfdeT9RdI81JBDYYLxTWFY3YkyqBzvv1oGa3lATtQtNED/WeTyy0OQY4jGsM9l9Qnw5ifsg==",
            "dev": true,
            "requires": {
                "named-queue": "^2.1.0",
                "needle": "^1.1.2",
                "node-fetch": "^2.2.0"
            }
        },
        "named-queue": {
            "version": "2.2.1",
            "resolved": "https://registry.npmjs.org/named-queue/-/named-queue-2.2.1.tgz",
            "integrity": "sha1-GBRURVNZnVqeQD0N+pN6TODR5qc=",
            "dev": true
        },
        "needle": {
            "version": "1.6.0",
            "resolved": "https://registry.npmjs.org/needle/-/needle-1.6.0.tgz",
            "integrity": "sha1-9SpYWJchIWGOAC+OY4TK2sItYk8=",
            "dev": true,
            "requires": {
                "debug": "^2.1.2",
                "iconv-lite": "^0.4.4"
            }
        },
        "negotiator": {
            "version": "0.6.2",
            "resolved": "https://registry.npmjs.org/negotiator/-/negotiator-0.6.2.tgz",
            "integrity": "sha512-hZXc7K2e+PgeI1eDBe/10Ard4ekbfrrqG8Ep+8Jmf4JID2bNg7NvCPOZN+kfF574pFQI7mum2AUqDidoKqcTOw==",
            "dev": true
        },
        "node-fetch": {
            "version": "2.6.1",
            "resolved": "https://registry.npmjs.org/node-fetch/-/node-fetch-2.6.1.tgz",
            "integrity": "sha512-V4aYg89jEoVRxRb2fJdAg8FHvI7cEyYdVAh94HH0UIK8oJxUfkjlDQN9RbMx+bEjP7+ggMiFRprSti032Oipxw==",
            "dev": true
        },
        "object-assign": {
            "version": "4.1.1",
            "resolved": "https://registry.npmjs.org/object-assign/-/object-assign-4.1.1.tgz",
            "integrity": "sha1-IQmtx5ZYh8/AXLvUQsrIv7s2CGM=",
            "dev": true
        },
        "on-finished": {
            "version": "2.3.0",
            "resolved": "https://registry.npmjs.org/on-finished/-/on-finished-2.3.0.tgz",
            "integrity": "sha1-IPEzZIGwg811M3mSoWlxqi2QaUc=",
            "dev": true,
            "requires": {
                "ee-first": "1.1.1"
            }
        },
        "once": {
            "version": "1.4.0",
            "resolved": "https://registry.npmjs.org/once/-/once-1.4.0.tgz",
            "integrity": "sha1-WDsap3WWHUsROsF9nFC6753Xa9E=",
            "dev": true,
            "requires": {
                "wrappy": "1"
            }
        },
        "parse-torrent": {
            "version": "6.1.2",
            "resolved": "https://registry.npmjs.org/parse-torrent/-/parse-torrent-6.1.2.tgz",
            "integrity": "sha512-Z/vig84sHwtrTEbOzisT4xnYTFlOgAaLQccPruMPgRahZUppVE/BUXzAos3jZM7c64o0lfukQdQ4ozWa5lN39w==",
            "dev": true,
            "requires": {
                "bencode": "^2.0.0",
                "blob-to-buffer": "^1.2.6",
                "get-stdin": "^6.0.0",
                "magnet-uri": "^5.1.3",
                "simple-get": "^3.0.1",
                "simple-sha1": "^2.0.0",
                "uniq": "^1.0.1"
            }
        },
        "parseurl": {
            "version": "1.3.3",
            "resolved": "https://registry.npmjs.org/parseurl/-/parseurl-1.3.3.tgz",
            "integrity": "sha512-CiyeOxFT/JZyN5m0z9PfXw4SCBJ6Sygz1Dpl0wqjlhDEGGBP1GnsUVEL0p63hoG1fcj3fHynXi9NYO4nWOL+qQ==",
            "dev": true
        },
        "path-to-regexp": {
            "version": "0.1.7",
            "resolved": "https://registry.npmjs.org/path-to-regexp/-/path-to-regexp-0.1.7.tgz",
            "integrity": "sha1-32BBeABfUi8V60SQ5yR6G/qmf4w=",
            "dev": true
        },
        "proxy-addr": {
            "version": "2.0.7",
            "resolved": "https://registry.npmjs.org/proxy-addr/-/proxy-addr-2.0.7.tgz",
            "integrity": "sha512-llQsMLSUDUPT44jdrU/O37qlnifitDP+ZwrmmZcoSKyLKvtZxpyV0n2/bD/N4tBAAZ/gJEdZU7KMraoK1+XYAg==",
            "dev": true,
            "requires": {
                "forwarded": "0.2.0",
                "ipaddr.js": "1.9.1"
            }
        },
        "punycode": {
            "version": "1.3.2",
            "resolved": "https://registry.npmjs.org/punycode/-/punycode-1.3.2.tgz",
            "integrity": "sha1-llOgNvt8HuQjQvIyXM7v6jkmxI0=",
            "dev": true
        },
        "qs": {
            "version": "6.7.0",
            "resolved": "https://registry.npmjs.org/qs/-/qs-6.7.0.tgz",
            "integrity": "sha512-VCdBRNFTX1fyE7Nb6FYoURo/SPe62QCaAyzJvUjwRaIsc+NePBEniHlvxFmmX56+HZphIGtV0XeCirBtpDrTyQ==",
            "dev": true
        },
        "querystring": {
            "version": "0.2.0",
            "resolved": "https://registry.npmjs.org/querystring/-/querystring-0.2.0.tgz",
            "integrity": "sha1-sgmEkgO7Jd+CDadW50cAWHhSFiA=",
            "dev": true
        },
        "range-parser": {
            "version": "1.2.1",
            "resolved": "https://registry.npmjs.org/range-parser/-/range-parser-1.2.1.tgz",
            "integrity": "sha512-Hrgsx+orqoygnmhFbKaHE6c296J+HTAQXoxEF6gNupROmmGJRoyzfG3ccAveqCBrwr/2yxQ5BVd/GTl5agOwSg==",
            "dev": true
        },
        "raw-body": {
            "version": "2.4.0",
            "resolved": "https://registry.npmjs.org/raw-body/-/raw-body-2.4.0.tgz",
            "integrity": "sha512-4Oz8DUIwdvoa5qMJelxipzi/iJIi40O5cGV1wNYp5hvZP8ZN0T+jiNkL0QepXs+EsQ9XJ8ipEDoiH70ySUJP3Q==",
            "dev": true,
            "requires": {
                "bytes": "3.1.0",
                "http-errors": "1.7.2",
                "iconv-lite": "0.4.24",
                "unpipe": "1.0.0"
            }
        },
        "rusha": {
            "version": "0.8.14",
            "resolved": "https://registry.npmjs.org/rusha/-/rusha-0.8.14.tgz",
            "integrity": "sha512-cLgakCUf6PedEu15t8kbsjnwIFFR2D4RfL+W3iWFJ4iac7z4B0ZI8fxy4R3J956kAI68HclCFGL8MPoUVC3qVA==",
            "dev": true
        },
        "safe-buffer": {
            "version": "5.1.2",
            "resolved": "https://registry.npmjs.org/safe-buffer/-/safe-buffer-5.1.2.tgz",
            "integrity": "sha512-Gd2UZBJDkXlY7GbJxfsE8/nvKkUEU1G38c1siN6QP6a9PT9MmHB8GnpscSmMJSoF8LOIrt8ud/wPtojys4G6+g==",
            "dev": true
        },
        "safer-buffer": {
            "version": "2.1.2",
            "resolved": "https://registry.npmjs.org/safer-buffer/-/safer-buffer-2.1.2.tgz",
            "integrity": "sha512-YZo3K82SD7Riyi0E1EQPojLz7kpepnSQI9IyPbHHg1XXXevb5dJI7tpyN2ADxGcQbHG7vcyRHk0cbwqcQriUtg==",
            "dev": true
        },
        "semver": {
            "version": "5.7.1",
            "resolved": "https://registry.npmjs.org/semver/-/semver-5.7.1.tgz",
            "integrity": "sha512-sauaDf/PZdVgrLTNYHRtpXa1iRiKcaebiKQ1BJdpQlWH2lCvexQdX55snPFyK7QzpudqbCI0qXFfOasHdyNDGQ==",
            "dev": true
        },
        "send": {
            "version": "0.17.1",
            "resolved": "https://registry.npmjs.org/send/-/send-0.17.1.tgz",
            "integrity": "sha512-BsVKsiGcQMFwT8UxypobUKyv7irCNRHk1T0G680vk88yf6LBByGcZJOTJCrTP2xVN6yI+XjPJcNuE3V4fT9sAg==",
            "dev": true,
            "requires": {
                "debug": "2.6.9",
                "depd": "~1.1.2",
                "destroy": "~1.0.4",
                "encodeurl": "~1.0.2",
                "escape-html": "~1.0.3",
                "etag": "~1.8.1",
                "fresh": "0.5.2",
                "http-errors": "~1.7.2",
                "mime": "1.6.0",
                "ms": "2.1.1",
                "on-finished": "~2.3.0",
                "range-parser": "~1.2.1",
                "statuses": "~1.5.0"
            },
            "dependencies": {
                "ms": {
                    "version": "2.1.1",
                    "resolved": "https://registry.npmjs.org/ms/-/ms-2.1.1.tgz",
                    "integrity": "sha512-tgp+dl5cGk28utYktBsrFqA7HKgrhgPsg6Z/EfhWI4gl1Hwq8B/GmY/0oXZ6nF8hDVesS/FpnYaD/kOWhYQvyg==",
                    "dev": true
                }
            }
        },
        "serve-static": {
            "version": "1.14.1",
            "resolved": "https://registry.npmjs.org/serve-static/-/serve-static-1.14.1.tgz",
            "integrity": "sha512-JMrvUwE54emCYWlTI+hGrGv5I8dEwmco/00EvkzIIsR7MqrHonbD9pO2MOfFnpFntl7ecpZs+3mW+XbQZu9QCg==",
            "dev": true,
            "requires": {
                "encodeurl": "~1.0.2",
                "escape-html": "~1.0.3",
                "parseurl": "~1.3.3",
                "send": "0.17.1"
            }
        },
        "setprototypeof": {
            "version": "1.1.1",
            "resolved": "https://registry.npmjs.org/setprototypeof/-/setprototypeof-1.1.1.tgz",
            "integrity": "sha512-JvdAWfbXeIGaZ9cILp38HntZSFSo3mWg6xGcJJsd+d4aRMOqauag1C63dJfDw7OaMYwEbHMOxEZ1lqVRYP2OAw==",
            "dev": true
        },
        "simple-concat": {
            "version": "1.0.1",
            "resolved": "https://registry.npmjs.org/simple-concat/-/simple-concat-1.0.1.tgz",
            "integrity": "sha512-cSFtAPtRhljv69IK0hTVZQ+OfE9nePi/rtJmw5UjHeVyVroEqJXP1sFztKUy1qU+xvz3u/sfYJLa947b7nAN2Q==",
            "dev": true
        },
        "simple-get": {
            "version": "3.1.0",
            "resolved": "https://registry.npmjs.org/simple-get/-/simple-get-3.1.0.tgz",
            "integrity": "sha512-bCR6cP+aTdScaQCnQKbPKtJOKDp/hj9EDLJo3Nw4y1QksqaovlW/bnptB6/c1e+qmNIDHRK+oXFDdEqBT8WzUA==",
            "dev": true,
            "requires": {
                "decompress-response": "^4.2.0",
                "once": "^1.3.1",
                "simple-concat": "^1.0.0"
            }
        },
        "simple-sha1": {
            "version": "2.1.2",
            "resolved": "https://registry.npmjs.org/simple-sha1/-/simple-sha1-2.1.2.tgz",
            "integrity": "sha512-TQl9rm4rdKAVmhO++sXAb8TNN0D6JAD5iyI1mqEPNpxUzTRrtm4aOG1pDf/5W/qCFihiaoK6uuL9rvQz1x1VKw==",
            "dev": true,
            "requires": {
                "rusha": "^0.8.1"
            }
        },
        "statuses": {
            "version": "1.5.0",
            "resolved": "https://registry.npmjs.org/statuses/-/statuses-1.5.0.tgz",
            "integrity": "sha1-Fhx9rBd2Wf2YEfQ3cfqZOBR4Yow=",
            "dev": true
        },
        "stremio-addon-client": {
            "version": "1.16.1",
            "resolved": "https://registry.npmjs.org/stremio-addon-client/-/stremio-addon-client-1.16.1.tgz",
            "integrity": "sha512-QUtIlUpOn1SwkZSC1zmTwv5ZxFUDe/f0xbAsGosy98COA/ajJztGAjp3vFX1QKU5x5/G7/U+OkgEVIL3kxzqYQ==",
            "dev": true,
            "requires": {
                "node-fetch": "^2.1.2",
                "stremio-addon-linter": "^1.7.0",
                "thunky": "^1.0.2",
                "url": "^0.11.0"
            }
        },
        "stremio-addon-linter": {
            "version": "1.7.0",
            "resolved": "https://registry.npmjs.org/stremio-addon-linter/-/stremio-addon-linter-1.7.0.tgz",
            "integrity": "sha512-ck1L1Wp2qvAhvXLj+4Lq1XRn8K3r2gx1i/f+e1W6K0+Et/oIYYDmaIVoh3SvExiNbCBcbJjH9WWEeDYKoqaMqQ==",
            "dev": true,
            "requires": {
                "semver": "^5.5.0"
            }
        },
        "stremio-addon-sdk": {
            "version": "0.6.4",
            "resolved": "https://registry.npmjs.org/stremio-addon-sdk/-/stremio-addon-sdk-0.6.4.tgz",
            "integrity": "sha512-/PyvyyJFx7qGB8WAEzMQidCaPL4oYeXImc8H6HR3ymQMyw8DV8qHJ9Wcb2wk3FDpjjusCXxV9faVHvI8pce1BQ==",
            "dev": true,
            "requires": {
                "cors": "^2.8.4",
                "express": "^4.16.3",
                "mkdirp": "^0.5.1",
                "node-fetch": "^2.1.2",
                "stremio-addon-linter": "^1.4.0"
            }
        },
        "stremio-local-addon": {
            "version": "git+https://github.com/Stremio/stremio-local-addon.git#df4371636f363b1f27899a6930eb3ae37c17d004",
            "from": "git+https://github.com/Stremio/stremio-local-addon.git#df4371636f363b1f27899a6930eb3ae37c17d004",
            "dev": true,
            "requires": {
                "byline": "^5.0.0",
                "name-to-imdb": "^2.3.1",
                "node-fetch": "^2.3.0",
                "parse-torrent": "^6.1.2",
                "stremio-addon-sdk": "^0.6.4",
                "video-name-parser": "^1.4.6",
                "which": "^1.3.1"
            }
        },
        "thirty-two": {
            "version": "1.0.2",
            "resolved": "https://registry.npmjs.org/thirty-two/-/thirty-two-1.0.2.tgz",
            "integrity": "sha1-TKL//AKlEpDSdEueP1V2k8prYno=",
            "dev": true
        },
        "thunky": {
            "version": "1.1.0",
            "resolved": "https://registry.npmjs.org/thunky/-/thunky-1.1.0.tgz",
            "integrity": "sha512-eHY7nBftgThBqOyHGVN+l8gF0BucP09fMo0oO/Lb0w1OF80dJv+lDVpXG60WMQvkcxAkNybKsrEIE3ZtKGmPrA==",
            "dev": true
        },
        "toidentifier": {
            "version": "1.0.0",
            "resolved": "https://registry.npmjs.org/toidentifier/-/toidentifier-1.0.0.tgz",
            "integrity": "sha512-yaOH/Pk/VEhBWWTlhI+qXxDFXlejDGcQipMlyxda9nthulaxLZUNcUqFxokp0vcYnvteJln5FNQDRrxj3YcbVw==",
            "dev": true
        },
        "type-is": {
            "version": "1.6.18",
            "resolved": "https://registry.npmjs.org/type-is/-/type-is-1.6.18.tgz",
            "integrity": "sha512-TkRKr9sUTxEH8MdfuCSP7VizJyzRNMjj2J2do2Jr3Kym598JVdEksuzPQCnlFPW4ky9Q+iA+ma9BGm06XQBy8g==",
            "dev": true,
            "requires": {
                "media-typer": "0.3.0",
                "mime-types": "~2.1.24"
            }
        },
        "uniq": {
            "version": "1.0.1",
            "resolved": "https://registry.npmjs.org/uniq/-/uniq-1.0.1.tgz",
            "integrity": "sha1-sxxa6CVIRKOoKBVBzisEuGWnNP8=",
            "dev": true
        },
        "unpipe": {
            "version": "1.0.0",
            "resolved": "https://registry.npmjs.org/unpipe/-/unpipe-1.0.0.tgz",
            "integrity": "sha1-sr9O6FFKrmFltIF4KdIbLvSZBOw=",
            "dev": true
        },
        "url": {
            "version": "0.11.0",
            "resolved": "https://registry.npmjs.org/url/-/url-0.11.0.tgz",
            "integrity": "sha1-ODjpfPxgUh63PFJajlW/3Z4uKPE=",
            "dev": true,
            "requires": {
                "punycode": "1.3.2",
                "querystring": "0.2.0"
            }
        },
        "utils-merge": {
            "version": "1.0.1",
            "resolved": "https://registry.npmjs.org/utils-merge/-/utils-merge-1.0.1.tgz",
            "integrity": "sha1-n5VxD1CiZ5R7LMwSR0HBAoQn5xM=",
            "dev": true
        },
        "vary": {
            "version": "1.1.2",
            "resolved": "https://registry.npmjs.org/vary/-/vary-1.1.2.tgz",
            "integrity": "sha1-IpnwLG3tMNSllhsLn3RSShj2NPw=",
            "dev": true
        },
        "video-name-parser": {
            "version": "1.4.6",
            "resolved": "https://registry.npmjs.org/video-name-parser/-/video-name-parser-1.4.6.tgz",
            "integrity": "sha512-ZdeYjh8X4ms1EzjY/UoiTZ6JWbi8SYyOPGY0jESSLq2BAmdc5sZHi+F8J19Qz0y7H1WSpaltojsCkO1p2dH4YA==",
            "dev": true
        },
        "which": {
            "version": "1.3.1",
            "resolved": "https://registry.npmjs.org/which/-/which-1.3.1.tgz",
            "integrity": "sha512-HxJdYWq1MTIQbJ3nw0cqssHoTNU267KlrDuGZ1WYlxDStUtKUhOaJmh112/TZmHxxUfuJqPXSOm7tDyas0OSIQ==",
            "dev": true,
            "requires": {
                "isexe": "^2.0.0"
            }
        },
        "wrappy": {
            "version": "1.0.2",
            "resolved": "https://registry.npmjs.org/wrappy/-/wrappy-1.0.2.tgz",
            "integrity": "sha1-tSQ9jz7BqjXxNkYFvA0QNuMKtp8=",
            "dev": true
        }
    }
}
